// !$*UTF8*$!
{
	archiveVersion = 1;
	classes = {
	};
	objectVersion = 50;
	objects = {

/* Begin PBXBuildFile section */
		333AB2C323D135120097D84A /* DrawLoginView.framework in Frameworks */ = {isa = PBXBuildFile; fileRef = 333AB2B923D135120097D84A /* DrawLoginView.framework */; };
		333AB2C823D135120097D84A /* DrawLoginViewTests.swift in Sources */ = {isa = PBXBuildFile; fileRef = 333AB2C723D135120097D84A /* DrawLoginViewTests.swift */; };
		333AB2CA23D135120097D84A /* DrawLoginView.h in Headers */ = {isa = PBXBuildFile; fileRef = 333AB2BC23D135120097D84A /* DrawLoginView.h */; settings = {ATTRIBUTES = (Public, ); }; };
		333AB2D623D135C30097D84A /* UIViewExtension.swift in Sources */ = {isa = PBXBuildFile; fileRef = 333AB2D523D135C30097D84A /* UIViewExtension.swift */; };
		333AB2D823D135D90097D84A /* UIColorExtension.swift in Sources */ = {isa = PBXBuildFile; fileRef = 333AB2D723D135D90097D84A /* UIColorExtension.swift */; };
		333AB2DD23D136A40097D84A /* DrawLoginView.swift in Sources */ = {isa = PBXBuildFile; fileRef = 333AB2DC23D136A40097D84A /* DrawLoginView.swift */; };
		333AB2E023D136BA0097D84A /* DrawLoginView.xib in Resources */ = {isa = PBXBuildFile; fileRef = 333AB2DF23D136BA0097D84A /* DrawLoginView.xib */; };
		333AB2E323D137060097D84A /* CircleView.swift in Sources */ = {isa = PBXBuildFile; fileRef = 333AB2E223D137060097D84A /* CircleView.swift */; };
/* End PBXBuildFile section */

/* Begin PBXContainerItemProxy section */
		333AB2C423D135120097D84A /* PBXContainerItemProxy */ = {
			isa = PBXContainerItemProxy;
			containerPortal = 333AB2B023D135120097D84A /* Project object */;
			proxyType = 1;
			remoteGlobalIDString = 333AB2B823D135120097D84A;
			remoteInfo = DrawLoginView;
		};
/* End PBXContainerItemProxy section */

/* Begin PBXFileReference section */
		333AB2B923D135120097D84A /* DrawLoginView.framework */ = {isa = PBXFileReference; explicitFileType = wrapper.framework; includeInIndex = 0; path = DrawLoginView.framework; sourceTree = BUILT_PRODUCTS_DIR; };
		333AB2BC23D135120097D84A /* DrawLoginView.h */ = {isa = PBXFileReference; lastKnownFileType = sourcecode.c.h; path = DrawLoginView.h; sourceTree = "<group>"; };
		333AB2BD23D135120097D84A /* Info.plist */ = {isa = PBXFileReference; lastKnownFileType = text.plist.xml; path = Info.plist; sourceTree = "<group>"; };
		333AB2C223D135120097D84A /* DrawLoginViewTests.xctest */ = {isa = PBXFileReference; explicitFileType = wrapper.cfbundle; includeInIndex = 0; path = DrawLoginViewTests.xctest; sourceTree = BUILT_PRODUCTS_DIR; };
		333AB2C723D135120097D84A /* DrawLoginViewTests.swift */ = {isa = PBXFileReference; lastKnownFileType = sourcecode.swift; path = DrawLoginViewTests.swift; sourceTree = "<group>"; };
		333AB2C923D135120097D84A /* Info.plist */ = {isa = PBXFileReference; lastKnownFileType = text.plist.xml; path = Info.plist; sourceTree = "<group>"; };
		333AB2D523D135C30097D84A /* UIViewExtension.swift */ = {isa = PBXFileReference; lastKnownFileType = sourcecode.swift; path = UIViewExtension.swift; sourceTree = "<group>"; };
		333AB2D723D135D90097D84A /* UIColorExtension.swift */ = {isa = PBXFileReference; lastKnownFileType = sourcecode.swift; path = UIColorExtension.swift; sourceTree = "<group>"; };
		333AB2DC23D136A40097D84A /* DrawLoginView.swift */ = {isa = PBXFileReference; lastKnownFileType = sourcecode.swift; path = DrawLoginView.swift; sourceTree = "<group>"; };
		333AB2DF23D136BA0097D84A /* DrawLoginView.xib */ = {isa = PBXFileReference; lastKnownFileType = file.xib; path = DrawLoginView.xib; sourceTree = "<group>"; };
		333AB2E223D137060097D84A /* CircleView.swift */ = {isa = PBXFileReference; lastKnownFileType = sourcecode.swift; path = CircleView.swift; sourceTree = "<group>"; };
/* End PBXFileReference section */

/* Begin PBXFrameworksBuildPhase section */
		333AB2B623D135120097D84A /* Frameworks */ = {
			isa = PBXFrameworksBuildPhase;
			buildActionMask = 2147483647;
			files = (
			);
			runOnlyForDeploymentPostprocessing = 0;
		};
		333AB2BF23D135120097D84A /* Frameworks */ = {
			isa = PBXFrameworksBuildPhase;
			buildActionMask = 2147483647;
			files = (
				333AB2C323D135120097D84A /* DrawLoginView.framework in Frameworks */,
			);
			runOnlyForDeploymentPostprocessing = 0;
		};
/* End PBXFrameworksBuildPhase section */

/* Begin PBXGroup section */
		333AB2AF23D135120097D84A = {
			isa = PBXGroup;
			children = (
				333AB2BB23D135120097D84A /* DrawLoginView */,
				333AB2C623D135120097D84A /* DrawLoginViewTests */,
				333AB2BA23D135120097D84A /* Products */,
			);
			sourceTree = "<group>";
		};
		333AB2BA23D135120097D84A /* Products */ = {
			isa = PBXGroup;
			children = (
				333AB2B923D135120097D84A /* DrawLoginView.framework */,
				333AB2C223D135120097D84A /* DrawLoginViewTests.xctest */,
			);
			name = Products;
			sourceTree = "<group>";
		};
		333AB2BB23D135120097D84A /* DrawLoginView */ = {
			isa = PBXGroup;
			children = (
				333AB2D323D1357A0097D84A /* Utility */,
				333AB2D923D1367D0097D84A /* View */,
				333AB2BC23D135120097D84A /* DrawLoginView.h */,
				333AB2BD23D135120097D84A /* Info.plist */,
			);
			path = DrawLoginView;
			sourceTree = "<group>";
		};
		333AB2C623D135120097D84A /* DrawLoginViewTests */ = {
			isa = PBXGroup;
			children = (
				333AB2C723D135120097D84A /* DrawLoginViewTests.swift */,
				333AB2C923D135120097D84A /* Info.plist */,
			);
			path = DrawLoginViewTests;
			sourceTree = "<group>";
		};
		333AB2D323D1357A0097D84A /* Utility */ = {
			isa = PBXGroup;
			children = (
				333AB2D423D135B00097D84A /* Extension */,
			);
			path = Utility;
			sourceTree = "<group>";
		};
		333AB2D423D135B00097D84A /* Extension */ = {
			isa = PBXGroup;
			children = (
				333AB2D523D135C30097D84A /* UIViewExtension.swift */,
				333AB2D723D135D90097D84A /* UIColorExtension.swift */,
			);
			path = Extension;
			sourceTree = "<group>";
		};
		333AB2D923D1367D0097D84A /* View */ = {
			isa = PBXGroup;
			children = (
				333AB2DA23D136870097D84A /* Component */,
			);
			path = View;
			sourceTree = "<group>";
		};
		333AB2DA23D136870097D84A /* Component */ = {
			isa = PBXGroup;
			children = (
				333AB2E123D136FB0097D84A /* CircleView */,
				333AB2DB23D1368E0097D84A /* DrawLoginView */,
			);
			path = Component;
			sourceTree = "<group>";
		};
		333AB2DB23D1368E0097D84A /* DrawLoginView */ = {
			isa = PBXGroup;
			children = (
				333AB2DC23D136A40097D84A /* DrawLoginView.swift */,
				333AB2DF23D136BA0097D84A /* DrawLoginView.xib */,
			);
			path = DrawLoginView;
			sourceTree = "<group>";
		};
		333AB2E123D136FB0097D84A /* CircleView */ = {
			isa = PBXGroup;
			children = (
				333AB2E223D137060097D84A /* CircleView.swift */,
			);
			path = CircleView;
			sourceTree = "<group>";
		};
/* End PBXGroup section */

/* Begin PBXHeadersBuildPhase section */
		333AB2B423D135120097D84A /* Headers */ = {
			isa = PBXHeadersBuildPhase;
			buildActionMask = 2147483647;
			files = (
				333AB2CA23D135120097D84A /* DrawLoginView.h in Headers */,
			);
			runOnlyForDeploymentPostprocessing = 0;
		};
/* End PBXHeadersBuildPhase section */

/* Begin PBXNativeTarget section */
		333AB2B823D135120097D84A /* DrawLoginView */ = {
			isa = PBXNativeTarget;
			buildConfigurationList = 333AB2CD23D135120097D84A /* Build configuration list for PBXNativeTarget "DrawLoginView" */;
			buildPhases = (
				333AB2B423D135120097D84A /* Headers */,
				333AB2B523D135120097D84A /* Sources */,
				333AB2B623D135120097D84A /* Frameworks */,
				333AB2B723D135120097D84A /* Resources */,
			);
			buildRules = (
			);
			dependencies = (
			);
			name = DrawLoginView;
			productName = DrawLoginView;
			productReference = 333AB2B923D135120097D84A /* DrawLoginView.framework */;
			productType = "com.apple.product-type.framework";
		};
		333AB2C123D135120097D84A /* DrawLoginViewTests */ = {
			isa = PBXNativeTarget;
			buildConfigurationList = 333AB2D023D135120097D84A /* Build configuration list for PBXNativeTarget "DrawLoginViewTests" */;
			buildPhases = (
				333AB2BE23D135120097D84A /* Sources */,
				333AB2BF23D135120097D84A /* Frameworks */,
				333AB2C023D135120097D84A /* Resources */,
			);
			buildRules = (
			);
			dependencies = (
				333AB2C523D135120097D84A /* PBXTargetDependency */,
			);
			name = DrawLoginViewTests;
			productName = DrawLoginViewTests;
			productReference = 333AB2C223D135120097D84A /* DrawLoginViewTests.xctest */;
			productType = "com.apple.product-type.bundle.unit-test";
		};
/* End PBXNativeTarget section */

/* Begin PBXProject section */
		333AB2B023D135120097D84A /* Project object */ = {
			isa = PBXProject;
			attributes = {
				LastSwiftUpdateCheck = 1130;
				LastUpgradeCheck = 1130;
				ORGANIZATIONNAME = sonmez.volkan;
				TargetAttributes = {
					333AB2B823D135120097D84A = {
						CreatedOnToolsVersion = 11.3.1;
						LastSwiftMigration = 1130;
					};
					333AB2C123D135120097D84A = {
						CreatedOnToolsVersion = 11.3.1;
					};
				};
			};
			buildConfigurationList = 333AB2B323D135120097D84A /* Build configuration list for PBXProject "DrawLoginView" */;
			compatibilityVersion = "Xcode 9.3";
			developmentRegion = en;
			hasScannedForEncodings = 0;
			knownRegions = (
				en,
				Base,
			);
			mainGroup = 333AB2AF23D135120097D84A;
			productRefGroup = 333AB2BA23D135120097D84A /* Products */;
			projectDirPath = "";
			projectRoot = "";
			targets = (
				333AB2B823D135120097D84A /* DrawLoginView */,
				333AB2C123D135120097D84A /* DrawLoginViewTests */,
			);
		};
/* End PBXProject section */

/* Begin PBXResourcesBuildPhase section */
		333AB2B723D135120097D84A /* Resources */ = {
			isa = PBXResourcesBuildPhase;
			buildActionMask = 2147483647;
			files = (
				333AB2E023D136BA0097D84A /* DrawLoginView.xib in Resources */,
			);
			runOnlyForDeploymentPostprocessing = 0;
		};
		333AB2C023D135120097D84A /* Resources */ = {
			isa = PBXResourcesBuildPhase;
			buildActionMask = 2147483647;
			files = (
			);
			runOnlyForDeploymentPostprocessing = 0;
		};
/* End PBXResourcesBuildPhase section */

/* Begin PBXSourcesBuildPhase section */
		333AB2B523D135120097D84A /* Sources */ = {
			isa = PBXSourcesBuildPhase;
			buildActionMask = 2147483647;
			files = (
				333AB2E323D137060097D84A /* CircleView.swift in Sources */,
				333AB2D623D135C30097D84A /* UIViewExtension.swift in Sources */,
				333AB2DD23D136A40097D84A /* DrawLoginView.swift in Sources */,
				333AB2D823D135D90097D84A /* UIColorExtension.swift in Sources */,
			);
			runOnlyForDeploymentPostprocessing = 0;
		};
		333AB2BE23D135120097D84A /* Sources */ = {
			isa = PBXSourcesBuildPhase;
			buildActionMask = 2147483647;
			files = (
				333AB2C823D135120097D84A /* DrawLoginViewTests.swift in Sources */,
			);
			runOnlyForDeploymentPostprocessing = 0;
		};
/* End PBXSourcesBuildPhase section */

/* Begin PBXTargetDependency section */
		333AB2C523D135120097D84A /* PBXTargetDependency */ = {
			isa = PBXTargetDependency;
			target = 333AB2B823D135120097D84A /* DrawLoginView */;
			targetProxy = 333AB2C423D135120097D84A /* PBXContainerItemProxy */;
		};
/* End PBXTargetDependency section */

/* Begin XCBuildConfiguration section */
		333AB2CB23D135120097D84A /* Debug */ = {
			isa = XCBuildConfiguration;
			buildSettings = {
				ALWAYS_SEARCH_USER_PATHS = NO;
				CLANG_ANALYZER_NONNULL = YES;
				CLANG_ANALYZER_NUMBER_OBJECT_CONVERSION = YES_AGGRESSIVE;
				CLANG_CXX_LANGUAGE_STANDARD = "gnu++14";
				CLANG_CXX_LIBRARY = "libc++";
				CLANG_ENABLE_MODULES = YES;
				CLANG_ENABLE_OBJC_ARC = YES;
				CLANG_ENABLE_OBJC_WEAK = YES;
				CLANG_WARN_BLOCK_CAPTURE_AUTORELEASING = YES;
				CLANG_WARN_BOOL_CONVERSION = YES;
				CLANG_WARN_COMMA = YES;
				CLANG_WARN_CONSTANT_CONVERSION = YES;
				CLANG_WARN_DEPRECATED_OBJC_IMPLEMENTATIONS = YES;
				CLANG_WARN_DIRECT_OBJC_ISA_USAGE = YES_ERROR;
				CLANG_WARN_DOCUMENTATION_COMMENTS = YES;
				CLANG_WARN_EMPTY_BODY = YES;
				CLANG_WARN_ENUM_CONVERSION = YES;
				CLANG_WARN_INFINITE_RECURSION = YES;
				CLANG_WARN_INT_CONVERSION = YES;
				CLANG_WARN_NON_LITERAL_NULL_CONVERSION = YES;
				CLANG_WARN_OBJC_IMPLICIT_RETAIN_SELF = YES;
				CLANG_WARN_OBJC_LITERAL_CONVERSION = YES;
				CLANG_WARN_OBJC_ROOT_CLASS = YES_ERROR;
				CLANG_WARN_RANGE_LOOP_ANALYSIS = YES;
				CLANG_WARN_STRICT_PROTOTYPES = YES;
				CLANG_WARN_SUSPICIOUS_MOVE = YES;
				CLANG_WARN_UNGUARDED_AVAILABILITY = YES_AGGRESSIVE;
				CLANG_WARN_UNREACHABLE_CODE = YES;
				CLANG_WARN__DUPLICATE_METHOD_MATCH = YES;
				COPY_PHASE_STRIP = NO;
				CURRENT_PROJECT_VERSION = 1;
				DEBUG_INFORMATION_FORMAT = dwarf;
				ENABLE_STRICT_OBJC_MSGSEND = YES;
				ENABLE_TESTABILITY = YES;
				GCC_C_LANGUAGE_STANDARD = gnu11;
				GCC_DYNAMIC_NO_PIC = NO;
				GCC_NO_COMMON_BLOCKS = YES;
				GCC_OPTIMIZATION_LEVEL = 0;
				GCC_PREPROCESSOR_DEFINITIONS = (
					"DEBUG=1",
					"$(inherited)",
				);
				GCC_WARN_64_TO_32_BIT_CONVERSION = YES;
				GCC_WARN_ABOUT_RETURN_TYPE = YES_ERROR;
				GCC_WARN_UNDECLARED_SELECTOR = YES;
				GCC_WARN_UNINITIALIZED_AUTOS = YES_AGGRESSIVE;
				GCC_WARN_UNUSED_FUNCTION = YES;
				GCC_WARN_UNUSED_VARIABLE = YES;
				IPHONEOS_DEPLOYMENT_TARGET = 13.2;
				MTL_ENABLE_DEBUG_INFO = INCLUDE_SOURCE;
				MTL_FAST_MATH = YES;
				ONLY_ACTIVE_ARCH = YES;
				SDKROOT = iphoneos;
				SWIFT_ACTIVE_COMPILATION_CONDITIONS = DEBUG;
				SWIFT_OPTIMIZATION_LEVEL = "-Onone";
				VERSIONING_SYSTEM = "apple-generic";
				VERSION_INFO_PREFIX = "";
			};
			name = Debug;
		};
		333AB2CC23D135120097D84A /* Release */ = {
			isa = XCBuildConfiguration;
			buildSettings = {
				ALWAYS_SEARCH_USER_PATHS = NO;
				CLANG_ANALYZER_NONNULL = YES;
				CLANG_ANALYZER_NUMBER_OBJECT_CONVERSION = YES_AGGRESSIVE;
				CLANG_CXX_LANGUAGE_STANDARD = "gnu++14";
				CLANG_CXX_LIBRARY = "libc++";
				CLANG_ENABLE_MODULES = YES;
				CLANG_ENABLE_OBJC_ARC = YES;
				CLANG_ENABLE_OBJC_WEAK = YES;
				CLANG_WARN_BLOCK_CAPTURE_AUTORELEASING = YES;
				CLANG_WARN_BOOL_CONVERSION = YES;
				CLANG_WARN_COMMA = YES;
				CLANG_WARN_CONSTANT_CONVERSION = YES;
				CLANG_WARN_DEPRECATED_OBJC_IMPLEMENTATIONS = YES;
				CLANG_WARN_DIRECT_OBJC_ISA_USAGE = YES_ERROR;
				CLANG_WARN_DOCUMENTATION_COMMENTS = YES;
				CLANG_WARN_EMPTY_BODY = YES;
				CLANG_WARN_ENUM_CONVERSION = YES;
				CLANG_WARN_INFINITE_RECURSION = YES;
				CLANG_WARN_INT_CONVERSION = YES;
				CLANG_WARN_NON_LITERAL_NULL_CONVERSION = YES;
				CLANG_WARN_OBJC_IMPLICIT_RETAIN_SELF = YES;
				CLANG_WARN_OBJC_LITERAL_CONVERSION = YES;
				CLANG_WARN_OBJC_ROOT_CLASS = YES_ERROR;
				CLANG_WARN_RANGE_LOOP_ANALYSIS = YES;
				CLANG_WARN_STRICT_PROTOTYPES = YES;
				CLANG_WARN_SUSPICIOUS_MOVE = YES;
				CLANG_WARN_UNGUARDED_AVAILABILITY = YES_AGGRESSIVE;
				CLANG_WARN_UNREACHABLE_CODE = YES;
				CLANG_WARN__DUPLICATE_METHOD_MATCH = YES;
				COPY_PHASE_STRIP = NO;
				CURRENT_PROJECT_VERSION = 1;
				DEBUG_INFORMATION_FORMAT = "dwarf-with-dsym";
				ENABLE_NS_ASSERTIONS = NO;
				ENABLE_STRICT_OBJC_MSGSEND = YES;
				GCC_C_LANGUAGE_STANDARD = gnu11;
				GCC_NO_COMMON_BLOCKS = YES;
				GCC_WARN_64_TO_32_BIT_CONVERSION = YES;
				GCC_WARN_ABOUT_RETURN_TYPE = YES_ERROR;
				GCC_WARN_UNDECLARED_SELECTOR = YES;
				GCC_WARN_UNINITIALIZED_AUTOS = YES_AGGRESSIVE;
				GCC_WARN_UNUSED_FUNCTION = YES;
				GCC_WARN_UNUSED_VARIABLE = YES;
				IPHONEOS_DEPLOYMENT_TARGET = 13.2;
				MTL_ENABLE_DEBUG_INFO = NO;
				MTL_FAST_MATH = YES;
				SDKROOT = iphoneos;
				SWIFT_COMPILATION_MODE = wholemodule;
				SWIFT_OPTIMIZATION_LEVEL = "-O";
				VALIDATE_PRODUCT = YES;
				VERSIONING_SYSTEM = "apple-generic";
				VERSION_INFO_PREFIX = "";
			};
			name = Release;
		};
		333AB2CE23D135120097D84A /* Debug */ = {
			isa = XCBuildConfiguration;
			buildSettings = {
				CLANG_ENABLE_MODULES = YES;
				CODE_SIGN_STYLE = Automatic;
				DEFINES_MODULE = YES;
				DEVELOPMENT_TEAM = MTB5BD867U;
				DYLIB_COMPATIBILITY_VERSION = 1;
				DYLIB_CURRENT_VERSION = 1;
				DYLIB_INSTALL_NAME_BASE = "@rpath";
				INFOPLIST_FILE = DrawLoginView/Info.plist;
				INSTALL_PATH = "$(LOCAL_LIBRARY_DIR)/Frameworks";
				LD_RUNPATH_SEARCH_PATHS = (
					"$(inherited)",
					"@executable_path/Frameworks",
					"@loader_path/Frameworks",
				);
				PRODUCT_BUNDLE_IDENTIFIER = sonmez.volkan.DrawLoginView;
				PRODUCT_NAME = "$(TARGET_NAME:c99extidentifier)";
				SKIP_INSTALL = YES;
				SWIFT_OPTIMIZATION_LEVEL = "-Onone";
				SWIFT_VERSION = 5.0;
				TARGETED_DEVICE_FAMILY = "1,2";
			};
			name = Debug;
		};
		333AB2CF23D135120097D84A /* Release */ = {
			isa = XCBuildConfiguration;
			buildSettings = {
				CLANG_ENABLE_MODULES = YES;
				CODE_SIGN_STYLE = Automatic;
				DEFINES_MODULE = YES;
				DEVELOPMENT_TEAM = MTB5BD867U;
				DYLIB_COMPATIBILITY_VERSION = 1;
				DYLIB_CURRENT_VERSION = 1;
				DYLIB_INSTALL_NAME_BASE = "@rpath";
				INFOPLIST_FILE = DrawLoginView/Info.plist;
				INSTALL_PATH = "$(LOCAL_LIBRARY_DIR)/Frameworks";
				LD_RUNPATH_SEARCH_PATHS = (
					"$(inherited)",
					"@executable_path/Frameworks",
					"@loader_path/Frameworks",
				);
				PRODUCT_BUNDLE_IDENTIFIER = sonmez.volkan.DrawLoginView;
				PRODUCT_NAME = "$(TARGET_NAME:c99extidentifier)";
				SKIP_INSTALL = YES;
				SWIFT_VERSION = 5.0;
				TARGETED_DEVICE_FAMILY = "1,2";
			};
			name = Release;
		};
		333AB2D123D135120097D84A /* Debug */ = {
			isa = XCBuildConfiguration;
			buildSettings = {
				ALWAYS_EMBED_SWIFT_STANDARD_LIBRARIES = YES;
				CODE_SIGN_STYLE = Automatic;
				DEVELOPMENT_TEAM = MTB5BD867U;
				INFOPLIST_FILE = DrawLoginViewTests/Info.plist;
				LD_RUNPATH_SEARCH_PATHS = (
					"$(inherited)",
					"@executable_path/Frameworks",
					"@loader_path/Frameworks",
				);
				PRODUCT_BUNDLE_IDENTIFIER = sonmez.volkan.DrawLoginViewTests;
				PRODUCT_NAME = "$(TARGET_NAME)";
				SWIFT_VERSION = 5.0;
				TARGETED_DEVICE_FAMILY = "1,2";
			};
			name = Debug;
		};
		333AB2D223D135120097D84A /* Release */ = {
			isa = XCBuildConfiguration;
			buildSettings = {
				ALWAYS_EMBED_SWIFT_STANDARD_LIBRARIES = YES;
				CODE_SIGN_STYLE = Automatic;
				DEVELOPMENT_TEAM = MTB5BD867U;
				INFOPLIST_FILE = DrawLoginViewTests/Info.plist;
				LD_RUNPATH_SEARCH_PATHS = (
					"$(inherited)",
					"@executable_path/Frameworks",
					"@loader_path/Frameworks",
				);
				PRODUCT_BUNDLE_IDENTIFIER = sonmez.volkan.DrawLoginViewTests;
				PRODUCT_NAME = "$(TARGET_NAME)";
				SWIFT_VERSION = 5.0;
				TARGETED_DEVICE_FAMILY = "1,2";
			};
			name = Release;
		};
/* End XCBuildConfiguration section */

/* Begin XCConfigurationList section */
		333AB2B323D135120097D84A /* Build configuration list for PBXProject "DrawLoginView" */ = {
			isa = XCConfigurationList;
			buildConfigurations = (
				333AB2CB23D135120097D84A /* Debug */,
				333AB2CC23D135120097D84A /* Release */,
			);
			defaultConfigurationIsVisible = 0;
			defaultConfigurationName = Release;
		};
		333AB2CD23D135120097D84A /* Build configuration list for PBXNativeTarget "DrawLoginView" */ = {
			isa = XCConfigurationList;
			buildConfigurations = (
				333AB2CE23D135120097D84A /* Debug */,
				333AB2CF23D135120097D84A /* Release */,
			);
			defaultConfigurationIsVisible = 0;
			defaultConfigurationName = Release;
		};
		333AB2D023D135120097D84A /* Build configuration list for PBXNativeTarget "DrawLoginViewTests" */ = {
			isa = XCConfigurationList;
			buildConfigurations = (
				333AB2D123D135120097D84A /* Debug */,
				333AB2D223D135120097D84A /* Release */,
			);
			defaultConfigurationIsVisible = 0;
			defaultConfigurationName = Release;
		};
/* End XCConfigurationList section */
	};
	rootObject = 333AB2B023D135120097D84A /* Project object */;
}
